
Microsoft Visual Studio Solution File, Format Version 12.00
# Visual Studio Version 17
VisualStudioVersion = 17.1.32210.238
MinimumVisualStudioVersion = 10.0.40219.1
Project("{FAE04EC0-301F-11D3-BF4B-00C04F79EFBC}") = "ED-Ventas", "ED-Ventas\ED-Ventas.csproj", "{BFE6FBC9-3976-40FC-AFBD-00F5FCB2988F}"
EndProject
Global
	GlobalSection(SolutionConfigurationPlatforms) = preSolution
		Debug|Any CPU = Debug|Any CPU
		Release|Any CPU = Release|Any CPU
	EndGlobalSection
	GlobalSection(ProjectConfigurationPlatforms) = postSolution
		{BFE6FBC9-3976-40FC-AFBD-00F5FCB2988F}.Debug|Any CPU.ActiveCfg = Debug|Any CPU
		{BFE6FBC9-3976-40FC-AFBD-00F5FCB2988F}.Debug|Any CPU.Build.0 = Debug|Any CPU
		{BFE6FBC9-3976-40FC-AFBD-00F5FCB2988F}.Release|Any CPU.ActiveCfg = Release|Any CPU
		{BFE6FBC9-3976-40FC-AFBD-00F5FCB2988F}.Release|Any CPU.Build.0 = Release|Any CPU
	EndGlobalSection
	GlobalSection(SolutionProperties) = preSolution
		HideSolutionNode = FALSE
	EndGlobalSection
	GlobalSection(ExtensibilityGlobals) = postSolution
		SolutionGuid = {526E3F84-56F1-4C57-AC16-A95141D368FC}
	EndGlobalSection
EndGlobal
